<?xml version="1.0" encoding="utf-8"?>
<Project ToolsVersion="4.0" xmlns="http://schemas.microsoft.com/developer/msbuild/2003">
  <ItemGroup>
    <Filter Include="Source Files">
      <UniqueIdentifier>{4FC737F1-C7A5-4376-A066-2A32D752A2FF}</UniqueIdentifier>
      <Extensions>cpp;c;cc;cxx;c++;cppm;ixx;def;odl;idl;hpj;bat;asm;asmx</Extensions>
    </Filter>
    <Filter Include="Header Files">
      <UniqueIdentifier>{93995380-89BD-4b04-88EB-625FBE52EBFB}</UniqueIdentifier>
      <Extensions>h;hh;hpp;hxx;h++;hm;inl;inc;ipp;xsd</Extensions>
    </Filter>
    <Filter Include="Resource Files">
      <UniqueIdentifier>{67DA6AB6-F800-4c08-8B7A-83BB121AAD01}</UniqueIdentifier>
      <Extensions>rc;ico;cur;bmp;dlg;rc2;rct;bin;rgs;gif;jpg;jpeg;jpe;resx;tiff;tif;png;wav;mfcribbon-ms</Extensions>
    </Filter>
  </ItemGroup>
  <ItemGroup>
    <ClCompile Include="..\ControlEngine\Machine.cpp">
      <Filter>Source Files</Filter>
    </ClCompile>
    <ClCompile Include="..\ControlEngine\AlarmManager.cpp">
      <Filter>Source Files</Filter>
    </ClCompile>
    <ClCompile Include="..\ControlEngine\Controller.cpp">
      <Filter>Source Files</Filter>
    </ClCompile>
    <ClCompile Include="..\ControlEngine\Device.cpp">
      <Filter>Source Files</Filter>
    </ClCompile>
    <ClCompile Include="..\ControlEngine\EventLogger.cpp">
      <Filter>Source Files</Filter>
    </ClCompile>
    <ClCompile Include="..\ControlEngine\FlowController.cpp">
      <Filter>Source Files</Filter>
    </ClCompile>
    <ClCompile Include="..\ControlEngine\FlowSensor.cpp">
      <Filter>Source Files</Filter>
    </ClCompile>
    <ClCompile Include="..\ControlEngine\MachineController.cpp">
      <Filter>Source Files</Filter>
    </ClCompile>
    <ClCompile Include="..\ControlEngine\MachineManager.cpp">
      <Filter>Source Files</Filter>
    </ClCompile>
    <ClCompile Include="..\ControlEngine\MachineStateMachine.cpp">
      <Filter>Source Files</Filter>
    </ClCompile>
    <ClCompile Include="..\ControlEngine\MotionController.cpp">
      <Filter>Source Files</Filter>
    </ClCompile>
    <ClCompile Include="..\ControlEngine\PressureSensor.cpp">
      <Filter>Source Files</Filter>
    </ClCompile>
    <ClCompile Include="..\ControlEngine\PumpController.cpp">
      <Filter>Source Files</Filter>
    </ClCompile>
    <ClCompile Include="..\ControlEngine\PumpSimulator.cpp">
      <Filter>Source Files</Filter>
    </ClCompile>
    <ClCompile Include="..\ControlEngine\RampSimulator.cpp">
      <Filter>Source Files</Filter>
    </ClCompile>
    <ClCompile Include="..\ControlEngine\Recipe.cpp">
      <Filter>Source Files</Filter>
    </ClCompile>
    <ClCompile Include="..\ControlEngine\RecipeExecutor.cpp">
      <Filter>Source Files</Filter>
    </ClCompile>
    <ClCompile Include="..\ControlEngine\RecipeManager.cpp">
      <Filter>Source Files</Filter>
    </ClCompile>
    <ClCompile Include="..\ControlEngine\RobotController.cpp">
      <Filter>Source Files</Filter>
    </ClCompile>
    <ClCompile Include="..\ControlEngine\RobotSimulator.cpp">
      <Filter>Source Files</Filter>
    </ClCompile>
    <ClCompile Include="..\ControlEngine\Sensor.cpp">
      <Filter>Source Files</Filter>
    </ClCompile>
    <ClCompile Include="..\ControlEngine\SimulationEngine.cpp">
      <Filter>Source Files</Filter>
    </ClCompile>
    <ClCompile Include="..\ControlEngine\SimulatorBase.cpp">
      <Filter>Source Files</Filter>
    </ClCompile>
    <ClCompile Include="..\ControlEngine\TemperatureSensor.cpp">
      <Filter>Source Files</Filter>
    </ClCompile>
    <ClCompile Include="..\ControlEngine\VacuumSensor.cpp">
      <Filter>Source Files</Filter>
    </ClCompile>
  </ItemGroup>
  <ItemGroup>
    <ClInclude Include="..\ControlEngine\AlarmManager.h">
      <Filter>Header Files</Filter>
    </ClInclude>
    <ClInclude Include="..\ControlEngine\Controller.h">
      <Filter>Header Files</Filter>
    </ClInclude>
    <ClInclude Include="..\ControlEngine\Device.h">
      <Filter>Header Files</Filter>
    </ClInclude>
    <ClInclude Include="..\ControlEngine\EventLogger.h">
      <Filter>Header Files</Filter>
    </ClInclude>
    <ClInclude Include="..\ControlEngine\FlowController.h">
      <Filter>Header Files</Filter>
    </ClInclude>
    <ClInclude Include="..\ControlEngine\FlowSensor.h">
      <Filter>Header Files</Filter>
    </ClInclude>
    <ClInclude Include="..\ControlEngine\Machine.h">
      <Filter>Header Files</Filter>
    </ClInclude>
    <ClInclude Include="..\ControlEngine\MachineController.h">
      <Filter>Header Files</Filter>
    </ClInclude>
    <ClInclude Include="..\ControlEngine\MachineManager.h">
      <Filter>Header Files</Filter>
    </ClInclude>
    <ClInclude Include="..\ControlEngine\MachineStateMachine.h">
      <Filter>Header Files</Filter>
    </ClInclude>
    <ClInclude Include="..\ControlEngine\MotionController.h">
      <Filter>Header Files</Filter>
    </ClInclude>
    <ClInclude Include="..\ControlEngine\PressureSensor.h">
      <Filter>Header Files</Filter>
    </ClInclude>
    <ClInclude Include="..\ControlEngine\PumpController.h">
      <Filter>Header Files</Filter>
    </ClInclude>
    <ClInclude Include="..\ControlEngine\PumpSimulator.h">
      <Filter>Header Files</Filter>
    </ClInclude>
    <ClInclude Include="..\ControlEngine\RampSimulator.h">
      <Filter>Header Files</Filter>
    </ClInclude>
    <ClInclude Include="..\ControlEngine\Recipe.h">
      <Filter>Header Files</Filter>
    </ClInclude>
    <ClInclude Include="..\ControlEngine\RecipeExecutor.h">
      <Filter>Header Files</Filter>
    </ClInclude>
    <ClInclude Include="..\ControlEngine\RecipeManager.h">
      <Filter>Header Files</Filter>
    </ClInclude>
    <ClInclude Include="..\ControlEngine\RecipeStep.h">
      <Filter>Header Files</Filter>
    </ClInclude>
    <ClInclude Include="..\ControlEngine\RobotController.h">
      <Filter>Header Files</Filter>
    </ClInclude>
    <ClInclude Include="..\ControlEngine\RobotSimulator.h">
      <Filter>Header Files</Filter>
    </ClInclude>
    <ClInclude Include="..\ControlEngine\Sensor.h">
      <Filter>Header Files</Filter>
    </ClInclude>
    <ClInclude Include="..\ControlEngine\SimulationEngine.h">
      <Filter>Header Files</Filter>
    </ClInclude>
    <ClInclude Include="..\ControlEngine\SimulatorBase.h">
      <Filter>Header Files</Filter>
    </ClInclude>
    <ClInclude Include="..\ControlEngine\TemperatureSensor.h">
      <Filter>Header Files</Filter>
    </ClInclude>
    <ClInclude Include="..\ControlEngine\VacuumSensor.h">
      <Filter>Header Files</Filter>
    </ClInclude>
    <ClInclude Include="..\ControlEngine\IMachineController.h">
      <Filter>Header Files</Filter>
    </ClInclude>
    <ClInclude Include="..\ControlEngine\IMachineManager.h">
      <Filter>Header Files</Filter>
    </ClInclude>
  </ItemGroup>
</Project>